
Microsoft Visual Studio Solution File, Format Version 12.00
# Visual Studio Version 17
VisualStudioVersion = 17.11.35222.181
MinimumVisualStudioVersion = 10.0.40219.1
Project("{FAE04EC0-301F-11D3-BF4B-00C04F79EFBC}") = "FINALBD", "FINALBD\FINALBD.csproj", "{3FD11E5B-2BA1-4CDD-8572-E7B0164790CD}"
EndProject
Global
	GlobalSection(SolutionConfigurationPlatforms) = preSolution
		Debug|Any CPU = Debug|Any CPU
		Release|Any CPU = Release|Any CPU
	EndGlobalSection
	GlobalSection(ProjectConfigurationPlatforms) = postSolution
		{3FD11E5B-2BA1-4CDD-8572-E7B0164790CD}.Debug|Any CPU.ActiveCfg = Debug|Any CPU
		{3FD11E5B-2BA1-4CDD-8572-E7B0164790CD}.Debug|Any CPU.Build.0 = Debug|Any CPU
		{3FD11E5B-2BA1-4CDD-8572-E7B0164790CD}.Release|Any CPU.ActiveCfg = Release|Any CPU
		{3FD11E5B-2BA1-4CDD-8572-E7B0164790CD}.Release|Any CPU.Build.0 = Release|Any CPU
	EndGlobalSection
	GlobalSection(SolutionProperties) = preSolution
		HideSolutionNode = FALSE
	EndGlobalSection
	GlobalSection(ExtensibilityGlobals) = postSolution
		SolutionGuid = {424FEF2F-87C2-4481-9707-A2E967F2D639}
	EndGlobalSection
EndGlobal
